
Microsoft Visual Studio Solution File, Format Version 12.00
# Visual Studio Version 16
VisualStudioVersion = 16.0.29324.140
MinimumVisualStudioVersion = 10.0.40219.1
Project("{FAE04EC0-301F-11D3-BF4B-00C04F79EFBC}") = "Wox.WhatupPlugin", "Wox.WhatupPlugin\Wox.WhatupPlugin.csproj", "{B7204DF2-C0CD-447D-9573-86E18BAD3EDD}"
EndProject
Project("{FAE04EC0-301F-11D3-BF4B-00C04F79EFBC}") = "Wox.WhatupPlugin.Test", "Wox.WhatupPlugin.Test\Wox.WhatupPlugin.Test.csproj", "{224741FE-ACCB-4DCD-BFEC-A3624847BFF2}"
EndProject
Project("{FAE04EC0-301F-11D3-BF4B-00C04F79EFBC}") = "Wox.Plugin.OpenCMD", "Wox.OpenCMDPlugin\Wox.Plugin.OpenCMD.csproj", "{C1AB915B-D532-40E0-A9FB-5A00EDF8482C}"
EndProject
Project("{FAE04EC0-301F-11D3-BF4B-00C04F79EFBC}") = "Wox.Plugin.ProcessKiller", "Wox.Plugin.ProcessKiller\Wox.Plugin.ProcessKiller.csproj", "{86BE9D87-3289-4D7F-BC9D-EC19418A1E2A}"
EndProject
Project("{FAE04EC0-301F-11D3-BF4B-00C04F79EFBC}") = "Wox.Plugin.ProcessKiller.Test", "Wox.Plugin.ProcessKiller.Test\Wox.Plugin.ProcessKiller.Test.csproj", "{D468C7EC-129C-49D8-A3CD-CA4610B0328B}"
EndProject
Project("{FAE04EC0-301F-11D3-BF4B-00C04F79EFBC}") = "Wox.Plugin.OneNote", "Wox.Plugin.OneNote\Wox.Plugin.OneNote.csproj", "{F89D1BE8-F5EA-40C7-A3F5-92C8422B0C75}"
EndProject
Project("{FAE04EC0-301F-11D3-BF4B-00C04F79EFBC}") = "Wox.Plugin.Onenote.Test", "Wox.Plugin.Onenote.Test\Wox.Plugin.Onenote.Test.csproj", "{9864C02A-504F-4482-A67C-2FD74A51F5E3}"
EndProject
Project("{FAE04EC0-301F-11D3-BF4B-00C04F79EFBC}") = "Wox.Plugin.Test.Common", "Wox.Plugin.Test.Comoon\Wox.Plugin.Test.Common.csproj", "{A39E2559-6815-4889-9539-CFED9ECB877D}"
EndProject
Global
	GlobalSection(SolutionConfigurationPlatforms) = preSolution
		Debug|Any CPU = Debug|Any CPU
		Release|Any CPU = Release|Any CPU
	EndGlobalSection
	GlobalSection(ProjectConfigurationPlatforms) = postSolution
		{B7204DF2-C0CD-447D-9573-86E18BAD3EDD}.Debug|Any CPU.ActiveCfg = Debug|Any CPU
		{B7204DF2-C0CD-447D-9573-86E18BAD3EDD}.Debug|Any CPU.Build.0 = Debug|Any CPU
		{B7204DF2-C0CD-447D-9573-86E18BAD3EDD}.Release|Any CPU.ActiveCfg = Release|Any CPU
		{B7204DF2-C0CD-447D-9573-86E18BAD3EDD}.Release|Any CPU.Build.0 = Release|Any CPU
		{224741FE-ACCB-4DCD-BFEC-A3624847BFF2}.Debug|Any CPU.ActiveCfg = Debug|Any CPU
		{224741FE-ACCB-4DCD-BFEC-A3624847BFF2}.Debug|Any CPU.Build.0 = Debug|Any CPU
		{224741FE-ACCB-4DCD-BFEC-A3624847BFF2}.Release|Any CPU.ActiveCfg = Release|Any CPU
		{224741FE-ACCB-4DCD-BFEC-A3624847BFF2}.Release|Any CPU.Build.0 = Release|Any CPU
		{C1AB915B-D532-40E0-A9FB-5A00EDF8482C}.Debug|Any CPU.ActiveCfg = Debug|Any CPU
		{C1AB915B-D532-40E0-A9FB-5A00EDF8482C}.Debug|Any CPU.Build.0 = Debug|Any CPU
		{C1AB915B-D532-40E0-A9FB-5A00EDF8482C}.Release|Any CPU.ActiveCfg = Release|Any CPU
		{C1AB915B-D532-40E0-A9FB-5A00EDF8482C}.Release|Any CPU.Build.0 = Release|Any CPU
		{86BE9D87-3289-4D7F-BC9D-EC19418A1E2A}.Debug|Any CPU.ActiveCfg = Debug|Any CPU
		{86BE9D87-3289-4D7F-BC9D-EC19418A1E2A}.Debug|Any CPU.Build.0 = Debug|Any CPU
		{86BE9D87-3289-4D7F-BC9D-EC19418A1E2A}.Release|Any CPU.ActiveCfg = Release|Any CPU
		{86BE9D87-3289-4D7F-BC9D-EC19418A1E2A}.Release|Any CPU.Build.0 = Release|Any CPU
		{D468C7EC-129C-49D8-A3CD-CA4610B0328B}.Debug|Any CPU.ActiveCfg = Debug|Any CPU
		{D468C7EC-129C-49D8-A3CD-CA4610B0328B}.Debug|Any CPU.Build.0 = Debug|Any CPU
		{D468C7EC-129C-49D8-A3CD-CA4610B0328B}.Release|Any CPU.ActiveCfg = Release|Any CPU
		{D468C7EC-129C-49D8-A3CD-CA4610B0328B}.Release|Any CPU.Build.0 = Release|Any CPU
		{F89D1BE8-F5EA-40C7-A3F5-92C8422B0C75}.Debug|Any CPU.ActiveCfg = Debug|Any CPU
		{F89D1BE8-F5EA-40C7-A3F5-92C8422B0C75}.Debug|Any CPU.Build.0 = Debug|Any CPU
		{F89D1BE8-F5EA-40C7-A3F5-92C8422B0C75}.Release|Any CPU.ActiveCfg = Release|Any CPU
		{F89D1BE8-F5EA-40C7-A3F5-92C8422B0C75}.Release|Any CPU.Build.0 = Release|Any CPU
		{9864C02A-504F-4482-A67C-2FD74A51F5E3}.Debug|Any CPU.ActiveCfg = Debug|Any CPU
		{9864C02A-504F-4482-A67C-2FD74A51F5E3}.Debug|Any CPU.Build.0 = Debug|Any CPU
		{9864C02A-504F-4482-A67C-2FD74A51F5E3}.Release|Any CPU.ActiveCfg = Release|Any CPU
		{9864C02A-504F-4482-A67C-2FD74A51F5E3}.Release|Any CPU.Build.0 = Release|Any CPU
		{A39E2559-6815-4889-9539-CFED9ECB877D}.Debug|Any CPU.ActiveCfg = Debug|Any CPU
		{A39E2559-6815-4889-9539-CFED9ECB877D}.Debug|Any CPU.Build.0 = Debug|Any CPU
		{A39E2559-6815-4889-9539-CFED9ECB877D}.Release|Any CPU.ActiveCfg = Release|Any CPU
		{A39E2559-6815-4889-9539-CFED9ECB877D}.Release|Any CPU.Build.0 = Release|Any CPU
	EndGlobalSection
	GlobalSection(SolutionProperties) = preSolution
		HideSolutionNode = FALSE
	EndGlobalSection
	GlobalSection(ExtensibilityGlobals) = postSolution
		SolutionGuid = {6A06D34F-EF0A-42F2-8F1C-0FE42456B28E}
	EndGlobalSection
EndGlobal
